// !$*UTF8*$!
{
	archiveVersion = 1;
	classes = {
	};
	objectVersion = 77;
	objects = {

/* Begin PBXBuildFile section */
		0E322964598B5C69A6B96578 /* DestinationStore.swift in Sources */ = {isa = PBXBuildFile; fileRef = 992B2E458C83391108C967BC /* DestinationStore.swift */; };
		142713987EF63DDC641157AC /* Session.swift in Sources */ = {isa = PBXBuildFile; fileRef = 5CC94402F183B5AED8E978A0 /* Session.swift */; };
		1A72174109879632E04C458D /* SessionManager.swift in Sources */ = {isa = PBXBuildFile; fileRef = F59375A3EAC7C3C66633007B /* SessionManager.swift */; };
		21900078FAF7688791CCD5D0 /* MapPreviewView.swift in Sources */ = {isa = PBXBuildFile; fileRef = D447E514FF425681709549B0 /* MapPreviewView.swift */; };
		2CF471B4038B145F9D9616A5 /* LocationManager.swift in Sources */ = {isa = PBXBuildFile; fileRef = 46D9F1D817C2C40F8B156DFA /* LocationManager.swift */; };
		429CA718C4BD8DDE47CE1452 /* NapsafeWatchApp.swift in Sources */ = {isa = PBXBuildFile; fileRef = C9152218096A00CBBB7D19F7 /* NapsafeWatchApp.swift */; };
		478DDA08EB50A0ADDB1BCC9C /* ContentView.swift in Sources */ = {isa = PBXBuildFile; fileRef = EDBA416FE00D83FA7DA6CA13 /* ContentView.swift */; };
		7B6FFB1823CEE4CE2F82835B /* LocationSearchView.swift in Sources */ = {isa = PBXBuildFile; fileRef = 5D2A6A81FFE0601E3C4F4087 /* LocationSearchView.swift */; };
		8338431EBED8985DC8D007E6 /* ActiveSessionView.swift in Sources */ = {isa = PBXBuildFile; fileRef = E1409167A41ADAD72F3F5A9A /* ActiveSessionView.swift */; };
		8EADCAD87346FDE6A7FBFBB3 /* AlertSettingsView.swift in Sources */ = {isa = PBXBuildFile; fileRef = 86381F7F52945E6BA3C7D85A /* AlertSettingsView.swift */; };
		941E362EFE6F5FD542556B80 /* Assets.xcassets in Resources */ = {isa = PBXBuildFile; fileRef = 1536595B04319CE3CF98A877 /* Assets.xcassets */; };
		BFDA48617FA56A641614098C /* Destination.swift in Sources */ = {isa = PBXBuildFile; fileRef = CE5E1CAA65944F6183ED1621 /* Destination.swift */; };
		FA1BA088EE7538106B00BBE5 /* DistanceFormatter.swift in Sources */ = {isa = PBXBuildFile; fileRef = 98CE8CECCB2710912D0AEF26 /* DistanceFormatter.swift */; };
/* End PBXBuildFile section */

/* Begin PBXFileReference section */
		02CA8632189CF693A3449185 /* Orio.app */ = {isa = PBXFileReference; explicitFileType = wrapper.application; includeInIndex = 0; path = Orio.app; sourceTree = BUILT_PRODUCTS_DIR; };
		1536595B04319CE3CF98A877 /* Assets.xcassets */ = {isa = PBXFileReference; lastKnownFileType = folder.assetcatalog; path = Assets.xcassets; sourceTree = "<group>"; };
		46D9F1D817C2C40F8B156DFA /* LocationManager.swift */ = {isa = PBXFileReference; lastKnownFileType = sourcecode.swift; path = LocationManager.swift; sourceTree = "<group>"; };
		47223F8FF4E0330995BDC0C7 /* Orio.entitlements */ = {isa = PBXFileReference; lastKnownFileType = text.plist.entitlements; path = Orio.entitlements; sourceTree = "<group>"; };
		5CC94402F183B5AED8E978A0 /* Session.swift */ = {isa = PBXFileReference; lastKnownFileType = sourcecode.swift; path = Session.swift; sourceTree = "<group>"; };
		5D2A6A81FFE0601E3C4F4087 /* LocationSearchView.swift */ = {isa = PBXFileReference; lastKnownFileType = sourcecode.swift; path = LocationSearchView.swift; sourceTree = "<group>"; };
		86381F7F52945E6BA3C7D85A /* AlertSettingsView.swift */ = {isa = PBXFileReference; lastKnownFileType = sourcecode.swift; path = AlertSettingsView.swift; sourceTree = "<group>"; };
		98CE8CECCB2710912D0AEF26 /* DistanceFormatter.swift */ = {isa = PBXFileReference; lastKnownFileType = sourcecode.swift; path = DistanceFormatter.swift; sourceTree = "<group>"; };
		992B2E458C83391108C967BC /* DestinationStore.swift */ = {isa = PBXFileReference; lastKnownFileType = sourcecode.swift; path = DestinationStore.swift; sourceTree = "<group>"; };
		BA55A98B3903C7F978428790 /* Info.plist */ = {isa = PBXFileReference; lastKnownFileType = text.plist; path = Info.plist; sourceTree = "<group>"; };
		C9152218096A00CBBB7D19F7 /* NapsafeWatchApp.swift */ = {isa = PBXFileReference; lastKnownFileType = sourcecode.swift; path = NapsafeWatchApp.swift; sourceTree = "<group>"; };
		CE5E1CAA65944F6183ED1621 /* Destination.swift */ = {isa = PBXFileReference; lastKnownFileType = sourcecode.swift; path = Destination.swift; sourceTree = "<group>"; };
		D447E514FF425681709549B0 /* MapPreviewView.swift */ = {isa = PBXFileReference; lastKnownFileType = sourcecode.swift; path = MapPreviewView.swift; sourceTree = "<group>"; };
		E1409167A41ADAD72F3F5A9A /* ActiveSessionView.swift */ = {isa = PBXFileReference; lastKnownFileType = sourcecode.swift; path = ActiveSessionView.swift; sourceTree = "<group>"; };
		EDBA416FE00D83FA7DA6CA13 /* ContentView.swift */ = {isa = PBXFileReference; lastKnownFileType = sourcecode.swift; path = ContentView.swift; sourceTree = "<group>"; };
		F59375A3EAC7C3C66633007B /* SessionManager.swift */ = {isa = PBXFileReference; lastKnownFileType = sourcecode.swift; path = SessionManager.swift; sourceTree = "<group>"; };
/* End PBXFileReference section */

/* Begin PBXGroup section */
		1CAC8BB42BC99D1176C38438 /* Sources */ = {
			isa = PBXGroup;
			children = (
				C9152218096A00CBBB7D19F7 /* NapsafeWatchApp.swift */,
				8DC253B5365ED77F002164D1 /* Models */,
				CB2F9E75BECE821CEA8AF9AE /* Services */,
				9B25FD200DCD0779293A3449 /* Utilities */,
				5AF46C5E0091654BBB88F069 /* Views */,
			);
			path = Sources;
			sourceTree = "<group>";
		};
		5AF46C5E0091654BBB88F069 /* Views */ = {
			isa = PBXGroup;
			children = (
				E1409167A41ADAD72F3F5A9A /* ActiveSessionView.swift */,
				86381F7F52945E6BA3C7D85A /* AlertSettingsView.swift */,
				EDBA416FE00D83FA7DA6CA13 /* ContentView.swift */,
				5D2A6A81FFE0601E3C4F4087 /* LocationSearchView.swift */,
				D447E514FF425681709549B0 /* MapPreviewView.swift */,
			);
			path = Views;
			sourceTree = "<group>";
		};
		76CE8D4BF544A317CB5CEE38 /* Resources */ = {
			isa = PBXGroup;
			children = (
				1536595B04319CE3CF98A877 /* Assets.xcassets */,
				BA55A98B3903C7F978428790 /* Info.plist */,
				47223F8FF4E0330995BDC0C7 /* Orio.entitlements */,
			);
			path = Resources;
			sourceTree = "<group>";
		};
		8DC253B5365ED77F002164D1 /* Models */ = {
			isa = PBXGroup;
			children = (
				CE5E1CAA65944F6183ED1621 /* Destination.swift */,
				5CC94402F183B5AED8E978A0 /* Session.swift */,
			);
			path = Models;
			sourceTree = "<group>";
		};
		9B25FD200DCD0779293A3449 /* Utilities */ = {
			isa = PBXGroup;
			children = (
				98CE8CECCB2710912D0AEF26 /* DistanceFormatter.swift */,
			);
			path = Utilities;
			sourceTree = "<group>";
		};
		CB2F9E75BECE821CEA8AF9AE /* Services */ = {
			isa = PBXGroup;
			children = (
				992B2E458C83391108C967BC /* DestinationStore.swift */,
				46D9F1D817C2C40F8B156DFA /* LocationManager.swift */,
				F59375A3EAC7C3C66633007B /* SessionManager.swift */,
			);
			path = Services;
			sourceTree = "<group>";
		};
		D3A7D7C41C0C4946ED4AA65A /* Products */ = {
			isa = PBXGroup;
			children = (
				02CA8632189CF693A3449185 /* Orio.app */,
			);
			name = Products;
			sourceTree = "<group>";
		};
		EA3E9B8DDA5EBB822969FA58 = {
			isa = PBXGroup;
			children = (
				76CE8D4BF544A317CB5CEE38 /* Resources */,
				1CAC8BB42BC99D1176C38438 /* Sources */,
				D3A7D7C41C0C4946ED4AA65A /* Products */,
			);
			sourceTree = "<group>";
		};
/* End PBXGroup section */

/* Begin PBXNativeTarget section */
		717299497E4497D72AC0732B /* Orio */ = {
			isa = PBXNativeTarget;
			buildConfigurationList = 4E575DAE1DB493FADFB44D4C /* Build configuration list for PBXNativeTarget "Orio" */;
			buildPhases = (
				4BF0738E58189C25F1183945 /* Sources */,
				E1F98C0F864287F07CB2BA3E /* Resources */,
			);
			buildRules = (
			);
			dependencies = (
			);
			name = Orio;
			packageProductDependencies = (
			);
			productName = Orio;
			productReference = 02CA8632189CF693A3449185 /* Orio.app */;
			productType = "com.apple.product-type.application";
		};
/* End PBXNativeTarget section */

/* Begin PBXProject section */
		AD60440883B95CDB82291461 /* Project object */ = {
			isa = PBXProject;
			attributes = {
				BuildIndependentTargetsInParallel = YES;
				LastUpgradeCheck = 1600;
				TargetAttributes = {
					717299497E4497D72AC0732B = {
						ProvisioningStyle = Automatic;
					};
				};
			};
			buildConfigurationList = 6FD01FDA8BE64C4FD5C836E3 /* Build configuration list for PBXProject "Orio" */;
			developmentRegion = en;
			hasScannedForEncodings = 0;
			knownRegions = (
				Base,
				en,
			);
			mainGroup = EA3E9B8DDA5EBB822969FA58;
			minimizedProjectReferenceProxies = 1;
			preferredProjectObjectVersion = 77;
			productRefGroup = D3A7D7C41C0C4946ED4AA65A /* Products */;
			projectDirPath = "";
			projectRoot = "";
			targets = (
				717299497E4497D72AC0732B /* Orio */,
			);
		};
/* End PBXProject section */

/* Begin PBXResourcesBuildPhase section */
		E1F98C0F864287F07CB2BA3E /* Resources */ = {
			isa = PBXResourcesBuildPhase;
			buildActionMask = 2147483647;
			files = (
				941E362EFE6F5FD542556B80 /* Assets.xcassets in Resources */,
			);
			runOnlyForDeploymentPostprocessing = 0;
		};
/* End PBXResourcesBuildPhase section */

/* Begin PBXSourcesBuildPhase section */
		4BF0738E58189C25F1183945 /* Sources */ = {
			isa = PBXSourcesBuildPhase;
			buildActionMask = 2147483647;
			files = (
				8338431EBED8985DC8D007E6 /* ActiveSessionView.swift in Sources */,
				8EADCAD87346FDE6A7FBFBB3 /* AlertSettingsView.swift in Sources */,
				478DDA08EB50A0ADDB1BCC9C /* ContentView.swift in Sources */,
				BFDA48617FA56A641614098C /* Destination.swift in Sources */,
				0E322964598B5C69A6B96578 /* DestinationStore.swift in Sources */,
				FA1BA088EE7538106B00BBE5 /* DistanceFormatter.swift in Sources */,
				2CF471B4038B145F9D9616A5 /* LocationManager.swift in Sources */,
				7B6FFB1823CEE4CE2F82835B /* LocationSearchView.swift in Sources */,
				21900078FAF7688791CCD5D0 /* MapPreviewView.swift in Sources */,
				429CA718C4BD8DDE47CE1452 /* NapsafeWatchApp.swift in Sources */,
				142713987EF63DDC641157AC /* Session.swift in Sources */,
				1A72174109879632E04C458D /* SessionManager.swift in Sources */,
			);
			runOnlyForDeploymentPostprocessing = 0;
		};
/* End PBXSourcesBuildPhase section */

/* Begin XCBuildConfiguration section */
		91CF78A8935CEAD6652E8934 /* Debug */ = {
			isa = XCBuildConfiguration;
			buildSettings = {
				ALWAYS_SEARCH_USER_PATHS = NO;
				DEVELOPMENT_TEAM = 97R97H732K;
				CLANG_ANALYZER_NONNULL = YES;
				CLANG_ANALYZER_NUMBER_OBJECT_CONVERSION = YES_AGGRESSIVE;
				CLANG_CXX_LANGUAGE_STANDARD = "gnu++14";
				CLANG_CXX_LIBRARY = "libc++";
				CLANG_ENABLE_MODULES = YES;
				CLANG_ENABLE_OBJC_ARC = YES;
				CLANG_ENABLE_OBJC_WEAK = YES;
				CLANG_WARN_BLOCK_CAPTURE_AUTORELEASING = YES;
				CLANG_WARN_BOOL_CONVERSION = YES;
				CLANG_WARN_COMMA = YES;
				CLANG_WARN_CONSTANT_CONVERSION = YES;
				CLANG_WARN_DEPRECATED_OBJC_IMPLEMENTATIONS = YES;
				CLANG_WARN_DIRECT_OBJC_ISA_USAGE = YES_ERROR;
				CLANG_WARN_DOCUMENTATION_COMMENTS = YES;
				CLANG_WARN_EMPTY_BODY = YES;
				CLANG_WARN_ENUM_CONVERSION = YES;
				CLANG_WARN_INFINITE_RECURSION = YES;
				CLANG_WARN_INT_CONVERSION = YES;
				CLANG_WARN_NON_LITERAL_NULL_CONVERSION = YES;
				CLANG_WARN_OBJC_IMPLICIT_RETAIN_SELF = YES;
				CLANG_WARN_OBJC_LITERAL_CONVERSION = YES;
				CLANG_WARN_OBJC_ROOT_CLASS = YES_ERROR;
				CLANG_WARN_QUOTED_INCLUDE_IN_FRAMEWORK_HEADER = YES;
				CLANG_WARN_RANGE_LOOP_ANALYSIS = YES;
				CLANG_WARN_STRICT_PROTOTYPES = YES;
				CLANG_WARN_SUSPICIOUS_MOVE = YES;
				CLANG_WARN_UNGUARDED_AVAILABILITY = YES_AGGRESSIVE;
				CLANG_WARN_UNREACHABLE_CODE = YES;
				CLANG_WARN__DUPLICATE_METHOD_MATCH = YES;
				COPY_PHASE_STRIP = NO;
				DEBUG_INFORMATION_FORMAT = dwarf;
				ENABLE_STRICT_OBJC_MSGSEND = YES;
				ENABLE_TESTABILITY = YES;
				GCC_C_LANGUAGE_STANDARD = gnu11;
				GCC_DYNAMIC_NO_PIC = NO;
				GCC_NO_COMMON_BLOCKS = YES;
				GCC_OPTIMIZATION_LEVEL = 0;
				GCC_PREPROCESSOR_DEFINITIONS = (
					"$(inherited)",
					"DEBUG=1",
				);
				GCC_WARN_64_TO_32_BIT_CONVERSION = YES;
				GCC_WARN_ABOUT_RETURN_TYPE = YES_ERROR;
				GCC_WARN_UNDECLARED_SELECTOR = YES;
				GCC_WARN_UNINITIALIZED_AUTOS = YES_AGGRESSIVE;
				GCC_WARN_UNUSED_FUNCTION = YES;
				GCC_WARN_UNUSED_VARIABLE = YES;
				MTL_ENABLE_DEBUG_INFO = INCLUDE_SOURCE;
				MTL_FAST_MATH = YES;
				ONLY_ACTIVE_ARCH = YES;
				PRODUCT_NAME = "$(TARGET_NAME)";
				SDKROOT = watchos;
				SWIFT_ACTIVE_COMPILATION_CONDITIONS = DEBUG;
				SWIFT_OPTIMIZATION_LEVEL = "-Onone";
				SWIFT_VERSION = 5.0;
				WATCHOS_DEPLOYMENT_TARGET = 10.0;
			};
			name = Debug;
		};
		C0340231037D3962BF3E7A4F /* Release */ = {
			isa = XCBuildConfiguration;
			buildSettings = {
				ALWAYS_SEARCH_USER_PATHS = NO;
				DEVELOPMENT_TEAM = 97R97H732K;
				CLANG_ANALYZER_NONNULL = YES;
				CLANG_ANALYZER_NUMBER_OBJECT_CONVERSION = YES_AGGRESSIVE;
				CLANG_CXX_LANGUAGE_STANDARD = "gnu++14";
				CLANG_CXX_LIBRARY = "libc++";
				CLANG_ENABLE_MODULES = YES;
				CLANG_ENABLE_OBJC_ARC = YES;
				CLANG_ENABLE_OBJC_WEAK = YES;
				CLANG_WARN_BLOCK_CAPTURE_AUTORELEASING = YES;
				CLANG_WARN_BOOL_CONVERSION = YES;
				CLANG_WARN_COMMA = YES;
				CLANG_WARN_CONSTANT_CONVERSION = YES;
				CLANG_WARN_DEPRECATED_OBJC_IMPLEMENTATIONS = YES;
				CLANG_WARN_DIRECT_OBJC_ISA_USAGE = YES_ERROR;
				CLANG_WARN_DOCUMENTATION_COMMENTS = YES;
				CLANG_WARN_EMPTY_BODY = YES;
				CLANG_WARN_ENUM_CONVERSION = YES;
				CLANG_WARN_INFINITE_RECURSION = YES;
				CLANG_WARN_INT_CONVERSION = YES;
				CLANG_WARN_NON_LITERAL_NULL_CONVERSION = YES;
				CLANG_WARN_OBJC_IMPLICIT_RETAIN_SELF = YES;
				CLANG_WARN_OBJC_LITERAL_CONVERSION = YES;
				CLANG_WARN_OBJC_ROOT_CLASS = YES_ERROR;
				CLANG_WARN_QUOTED_INCLUDE_IN_FRAMEWORK_HEADER = YES;
				CLANG_WARN_RANGE_LOOP_ANALYSIS = YES;
				CLANG_WARN_STRICT_PROTOTYPES = YES;
				CLANG_WARN_SUSPICIOUS_MOVE = YES;
				CLANG_WARN_UNGUARDED_AVAILABILITY = YES_AGGRESSIVE;
				CLANG_WARN_UNREACHABLE_CODE = YES;
				CLANG_WARN__DUPLICATE_METHOD_MATCH = YES;
				COPY_PHASE_STRIP = NO;
				DEBUG_INFORMATION_FORMAT = "dwarf-with-dsym";
				ENABLE_NS_ASSERTIONS = NO;
				ENABLE_STRICT_OBJC_MSGSEND = YES;
				GCC_C_LANGUAGE_STANDARD = gnu11;
				GCC_NO_COMMON_BLOCKS = YES;
				GCC_WARN_64_TO_32_BIT_CONVERSION = YES;
				GCC_WARN_ABOUT_RETURN_TYPE = YES_ERROR;
				GCC_WARN_UNDECLARED_SELECTOR = YES;
				GCC_WARN_UNINITIALIZED_AUTOS = YES_AGGRESSIVE;
				GCC_WARN_UNUSED_FUNCTION = YES;
				GCC_WARN_UNUSED_VARIABLE = YES;
				MTL_ENABLE_DEBUG_INFO = NO;
				MTL_FAST_MATH = YES;
				PRODUCT_NAME = "$(TARGET_NAME)";
				SDKROOT = watchos;
				SWIFT_COMPILATION_MODE = wholemodule;
				SWIFT_OPTIMIZATION_LEVEL = "-O";
				SWIFT_VERSION = 5.0;
				WATCHOS_DEPLOYMENT_TARGET = 10.0;
			};
			name = Release;
		};
		D8C78EC849F1F621ECB8D259 /* Debug */ = {
			isa = XCBuildConfiguration;
			buildSettings = {
				ASSETCATALOG_COMPILER_APPICON_NAME = AppIcon;
				CODE_SIGN_ENTITLEMENTS = Resources/Orio.entitlements;
				CODE_SIGN_IDENTITY = "Apple Development";
				CODE_SIGN_STYLE = Automatic;
				INFOPLIST_FILE = Resources/Info.plist;
				PRODUCT_BUNDLE_IDENTIFIER = com.orio.Orio;
				PROVISIONING_PROFILE_SPECIFIER = "";
				SDKROOT = watchos;
				SKIP_INSTALL = NO;
				SUPPORTED_PLATFORMS = "watchos watchsimulator";
				TARGETED_DEVICE_FAMILY = 4;
			};
			name = Debug;
		};
		F0AF03CE7258015F57C5EC23 /* Release */ = {
			isa = XCBuildConfiguration;
			buildSettings = {
				ASSETCATALOG_COMPILER_APPICON_NAME = AppIcon;
				CODE_SIGN_ENTITLEMENTS = Resources/Orio.entitlements;
				CODE_SIGN_IDENTITY = "Apple Development";
				CODE_SIGN_STYLE = Automatic;
				INFOPLIST_FILE = Resources/Info.plist;
				PRODUCT_BUNDLE_IDENTIFIER = com.orio.Orio;
				PROVISIONING_PROFILE_SPECIFIER = "";
				SDKROOT = watchos;
				SKIP_INSTALL = NO;
				SUPPORTED_PLATFORMS = "watchos watchsimulator";
				TARGETED_DEVICE_FAMILY = 4;
			};
			name = Release;
		};
/* End XCBuildConfiguration section */

/* Begin XCConfigurationList section */
		4E575DAE1DB493FADFB44D4C /* Build configuration list for PBXNativeTarget "Orio" */ = {
			isa = XCConfigurationList;
			buildConfigurations = (
				D8C78EC849F1F621ECB8D259 /* Debug */,
				F0AF03CE7258015F57C5EC23 /* Release */,
			);
			defaultConfigurationIsVisible = 0;
			defaultConfigurationName = Debug;
		};
		6FD01FDA8BE64C4FD5C836E3 /* Build configuration list for PBXProject "Orio" */ = {
			isa = XCConfigurationList;
			buildConfigurations = (
				91CF78A8935CEAD6652E8934 /* Debug */,
				C0340231037D3962BF3E7A4F /* Release */,
			);
			defaultConfigurationIsVisible = 0;
			defaultConfigurationName = Debug;
		};
/* End XCConfigurationList section */
	};
	rootObject = AD60440883B95CDB82291461 /* Project object */;
}
